
Microsoft Visual Studio Solution File, Format Version 12.00
# Visual Studio Version 16
VisualStudioVersion = 16.0.29215.179
MinimumVisualStudioVersion = 10.0.40219.1
Project("{FAE04EC0-301F-11D3-BF4B-00C04F79EFBC}") = "Projeto_Portaria", "Projeto_Portaria.csproj", "{AF998DFA-295F-4792-BAA6-52E3256553F1}"
EndProject
Project("{54435603-DBB4-11D2-8724-00A0C9A8B90C}") = "instalador_DooR", "..\instalador_DooR\instalador_DooR.vdproj", "{9FF19BC1-E431-407B-9199-543C5645C415}"
EndProject
Global
	GlobalSection(SolutionConfigurationPlatforms) = preSolution
		Debug|Any CPU = Debug|Any CPU
		Debug|x64 = Debug|x64
		Debug|x86 = Debug|x86
		Release|Any CPU = Release|Any CPU
		Release|x64 = Release|x64
		Release|x86 = Release|x86
	EndGlobalSection
	GlobalSection(ProjectConfigurationPlatforms) = postSolution
		{AF998DFA-295F-4792-BAA6-52E3256553F1}.Debug|Any CPU.ActiveCfg = Debug|Any CPU
		{AF998DFA-295F-4792-BAA6-52E3256553F1}.Debug|Any CPU.Build.0 = Debug|Any CPU
		{AF998DFA-295F-4792-BAA6-52E3256553F1}.Debug|x64.ActiveCfg = Debug|Any CPU
		{AF998DFA-295F-4792-BAA6-52E3256553F1}.Debug|x64.Build.0 = Debug|Any CPU
		{AF998DFA-295F-4792-BAA6-52E3256553F1}.Debug|x86.ActiveCfg = Debug|x86
		{AF998DFA-295F-4792-BAA6-52E3256553F1}.Debug|x86.Build.0 = Debug|x86
		{AF998DFA-295F-4792-BAA6-52E3256553F1}.Release|Any CPU.ActiveCfg = Release|Any CPU
		{AF998DFA-295F-4792-BAA6-52E3256553F1}.Release|Any CPU.Build.0 = Release|Any CPU
		{AF998DFA-295F-4792-BAA6-52E3256553F1}.Release|x64.ActiveCfg = Release|x64
		{AF998DFA-295F-4792-BAA6-52E3256553F1}.Release|x64.Build.0 = Release|x64
		{AF998DFA-295F-4792-BAA6-52E3256553F1}.Release|x86.ActiveCfg = Release|x86
		{AF998DFA-295F-4792-BAA6-52E3256553F1}.Release|x86.Build.0 = Release|x86
		{9FF19BC1-E431-407B-9199-543C5645C415}.Debug|Any CPU.ActiveCfg = Debug
		{9FF19BC1-E431-407B-9199-543C5645C415}.Debug|x64.ActiveCfg = Debug
		{9FF19BC1-E431-407B-9199-543C5645C415}.Debug|x64.Build.0 = Debug
		{9FF19BC1-E431-407B-9199-543C5645C415}.Debug|x86.ActiveCfg = Debug
		{9FF19BC1-E431-407B-9199-543C5645C415}.Debug|x86.Build.0 = Debug
		{9FF19BC1-E431-407B-9199-543C5645C415}.Release|Any CPU.ActiveCfg = Release
		{9FF19BC1-E431-407B-9199-543C5645C415}.Release|x64.ActiveCfg = Release
		{9FF19BC1-E431-407B-9199-543C5645C415}.Release|x64.Build.0 = Release
		{9FF19BC1-E431-407B-9199-543C5645C415}.Release|x86.ActiveCfg = Release
		{9FF19BC1-E431-407B-9199-543C5645C415}.Release|x86.Build.0 = Release
	EndGlobalSection
	GlobalSection(SolutionProperties) = preSolution
		HideSolutionNode = FALSE
	EndGlobalSection
	GlobalSection(ExtensibilityGlobals) = postSolution
		SolutionGuid = {E198094A-F8CB-41BC-B820-8ED8A3B9ADDB}
	EndGlobalSection
EndGlobal
